// !$*UTF8*$!
{
	archiveVersion = 1;
	classes = {
	};
	objectVersion = 56;
	objects = {

/* Begin PBXBuildFile section */
		8AE8BBDB2C56C65D00E96AA1 /* calendarApp.swift in Sources */ = {isa = PBXBuildFile; fileRef = 8AE8BBDA2C56C65D00E96AA1 /* calendarApp.swift */; };
		8AE8BBDF2C56C65E00E96AA1 /* Assets.xcassets in Resources */ = {isa = PBXBuildFile; fileRef = 8AE8BBDE2C56C65E00E96AA1 /* Assets.xcassets */; };
		8AE8BBE22C56C65E00E96AA1 /* Preview Assets.xcassets in Resources */ = {isa = PBXBuildFile; fileRef = 8AE8BBE12C56C65E00E96AA1 /* Preview Assets.xcassets */; };
		8AE8BBEC2C56C65E00E96AA1 /* calendarTests.swift in Sources */ = {isa = PBXBuildFile; fileRef = 8AE8BBEB2C56C65E00E96AA1 /* calendarTests.swift */; };
		8AE8BBF62C56C65E00E96AA1 /* calendarUITests.swift in Sources */ = {isa = PBXBuildFile; fileRef = 8AE8BBF52C56C65E00E96AA1 /* calendarUITests.swift */; };
		8AE8BBF82C56C65E00E96AA1 /* calendarUITestsLaunchTests.swift in Sources */ = {isa = PBXBuildFile; fileRef = 8AE8BBF72C56C65E00E96AA1 /* calendarUITestsLaunchTests.swift */; };
		8AE8BC062C56D45600E96AA1 /* Themes.swift in Sources */ = {isa = PBXBuildFile; fileRef = 8AE8BC052C56D45600E96AA1 /* Themes.swift */; };
		8AE8BC092C56D5D500E96AA1 /* MonthView.swift in Sources */ = {isa = PBXBuildFile; fileRef = 8AE8BC082C56D5D500E96AA1 /* MonthView.swift */; };
		8AE8BC0C2C56E22800E96AA1 /* AddingEventView.swift in Sources */ = {isa = PBXBuildFile; fileRef = 8AE8BC0B2C56E22800E96AA1 /* AddingEventView.swift */; };
		8AE8BC0E2C56E45000E96AA1 /* AddEventView.swift in Sources */ = {isa = PBXBuildFile; fileRef = 8AE8BC0D2C56E45000E96AA1 /* AddEventView.swift */; };
		8AE8BC102C56E58800E96AA1 /* MyDatePicker.swift in Sources */ = {isa = PBXBuildFile; fileRef = 8AE8BC0F2C56E58800E96AA1 /* MyDatePicker.swift */; };
		8AE8BC122C56EA7C00E96AA1 /* DateValue.swift in Sources */ = {isa = PBXBuildFile; fileRef = 8AE8BC112C56EA7C00E96AA1 /* DateValue.swift */; };
		8AE8BC142C5745F100E96AA1 /* Events.swift in Sources */ = {isa = PBXBuildFile; fileRef = 8AE8BC132C5745F100E96AA1 /* Events.swift */; };
		8AE8BC182C580F7000E96AA1 /* MonthViewModel.swift in Sources */ = {isa = PBXBuildFile; fileRef = 8AE8BC172C580F7000E96AA1 /* MonthViewModel.swift */; };
		8AE8BC1A2C58265200E96AA1 /* ToDoListView.swift in Sources */ = {isa = PBXBuildFile; fileRef = 8AE8BC192C58265200E96AA1 /* ToDoListView.swift */; };
		8AE8BC1E2C593CD200E96AA1 /* ScheduleView.swift in Sources */ = {isa = PBXBuildFile; fileRef = 8AE8BC1D2C593CD200E96AA1 /* ScheduleView.swift */; };
		8AE8BC202C59760300E96AA1 /* AddToDoView.swift in Sources */ = {isa = PBXBuildFile; fileRef = 8AE8BC1F2C59760300E96AA1 /* AddToDoView.swift */; };
		8AE8BC222C59762000E96AA1 /* AddingItemView.swift in Sources */ = {isa = PBXBuildFile; fileRef = 8AE8BC212C59762000E96AA1 /* AddingItemView.swift */; };
		8AE8BC242C59776E00E96AA1 /* ToDoItem.swift in Sources */ = {isa = PBXBuildFile; fileRef = 8AE8BC232C59776E00E96AA1 /* ToDoItem.swift */; };
		8AE8BC282C5C182400E96AA1 /* EventStore.swift in Sources */ = {isa = PBXBuildFile; fileRef = 8AE8BC272C5C182400E96AA1 /* EventStore.swift */; };
		8AE8BC2A2C5C499A00E96AA1 /* ItemStore.swift in Sources */ = {isa = PBXBuildFile; fileRef = 8AE8BC292C5C499A00E96AA1 /* ItemStore.swift */; };
		8AE8BC542C5D931B00E96AA1 /* ItemDetailView.swift in Sources */ = {isa = PBXBuildFile; fileRef = 8AE8BC532C5D931B00E96AA1 /* ItemDetailView.swift */; };
		8AE8BC562C5D954100E96AA1 /* DetailItemEditView.swift in Sources */ = {isa = PBXBuildFile; fileRef = 8AE8BC552C5D954100E96AA1 /* DetailItemEditView.swift */; };
		8AE8BC582C5DD30500E96AA1 /* EventDetailView.swift in Sources */ = {isa = PBXBuildFile; fileRef = 8AE8BC572C5DD30500E96AA1 /* EventDetailView.swift */; };
		8AE8BC5A2C5DD3A300E96AA1 /* DetailEventEditView.swift in Sources */ = {isa = PBXBuildFile; fileRef = 8AE8BC592C5DD3A200E96AA1 /* DetailEventEditView.swift */; };
/* End PBXBuildFile section */

/* Begin PBXContainerItemProxy section */
		8AE8BBE82C56C65E00E96AA1 /* PBXContainerItemProxy */ = {
			isa = PBXContainerItemProxy;
			containerPortal = 8AE8BBCF2C56C65D00E96AA1 /* Project object */;
			proxyType = 1;
			remoteGlobalIDString = 8AE8BBD62C56C65D00E96AA1;
			remoteInfo = calendar;
		};
		8AE8BBF22C56C65E00E96AA1 /* PBXContainerItemProxy */ = {
			isa = PBXContainerItemProxy;
			containerPortal = 8AE8BBCF2C56C65D00E96AA1 /* Project object */;
			proxyType = 1;
			remoteGlobalIDString = 8AE8BBD62C56C65D00E96AA1;
			remoteInfo = calendar;
		};
		8AE8BCA72C5ED54500E96AA1 /* PBXContainerItemProxy */ = {
			isa = PBXContainerItemProxy;
			containerPortal = 8AE8BBCF2C56C65D00E96AA1 /* Project object */;
			proxyType = 1;
			remoteGlobalIDString = 8AE8BC952C5ED54100E96AA1;
			remoteInfo = calendar_mac;
		};
		8AE8BCB12C5ED54500E96AA1 /* PBXContainerItemProxy */ = {
			isa = PBXContainerItemProxy;
			containerPortal = 8AE8BBCF2C56C65D00E96AA1 /* Project object */;
			proxyType = 1;
			remoteGlobalIDString = 8AE8BC952C5ED54100E96AA1;
			remoteInfo = calendar_mac;
		};
/* End PBXContainerItemProxy section */

/* Begin PBXFileReference section */
		8AE8BBD72C56C65D00E96AA1 /* calendar.app */ = {isa = PBXFileReference; explicitFileType = wrapper.application; includeInIndex = 0; path = calendar.app; sourceTree = BUILT_PRODUCTS_DIR; };
		8AE8BBDA2C56C65D00E96AA1 /* calendarApp.swift */ = {isa = PBXFileReference; lastKnownFileType = sourcecode.swift; path = calendarApp.swift; sourceTree = "<group>"; };
		8AE8BBDE2C56C65E00E96AA1 /* Assets.xcassets */ = {isa = PBXFileReference; lastKnownFileType = folder.assetcatalog; path = Assets.xcassets; sourceTree = "<group>"; };
		8AE8BBE12C56C65E00E96AA1 /* Preview Assets.xcassets */ = {isa = PBXFileReference; lastKnownFileType = folder.assetcatalog; path = "Preview Assets.xcassets"; sourceTree = "<group>"; };
		8AE8BBE72C56C65E00E96AA1 /* calendarTests.xctest */ = {isa = PBXFileReference; explicitFileType = wrapper.cfbundle; includeInIndex = 0; path = calendarTests.xctest; sourceTree = BUILT_PRODUCTS_DIR; };
		8AE8BBEB2C56C65E00E96AA1 /* calendarTests.swift */ = {isa = PBXFileReference; lastKnownFileType = sourcecode.swift; path = calendarTests.swift; sourceTree = "<group>"; };
		8AE8BBF12C56C65E00E96AA1 /* calendarUITests.xctest */ = {isa = PBXFileReference; explicitFileType = wrapper.cfbundle; includeInIndex = 0; path = calendarUITests.xctest; sourceTree = BUILT_PRODUCTS_DIR; };
		8AE8BBF52C56C65E00E96AA1 /* calendarUITests.swift */ = {isa = PBXFileReference; lastKnownFileType = sourcecode.swift; path = calendarUITests.swift; sourceTree = "<group>"; };
		8AE8BBF72C56C65E00E96AA1 /* calendarUITestsLaunchTests.swift */ = {isa = PBXFileReference; lastKnownFileType = sourcecode.swift; path = calendarUITestsLaunchTests.swift; sourceTree = "<group>"; };
		8AE8BC052C56D45600E96AA1 /* Themes.swift */ = {isa = PBXFileReference; lastKnownFileType = sourcecode.swift; path = Themes.swift; sourceTree = "<group>"; };
		8AE8BC082C56D5D500E96AA1 /* MonthView.swift */ = {isa = PBXFileReference; lastKnownFileType = sourcecode.swift; path = MonthView.swift; sourceTree = "<group>"; };
		8AE8BC0B2C56E22800E96AA1 /* AddingEventView.swift */ = {isa = PBXFileReference; lastKnownFileType = sourcecode.swift; path = AddingEventView.swift; sourceTree = "<group>"; };
		8AE8BC0D2C56E45000E96AA1 /* AddEventView.swift */ = {isa = PBXFileReference; lastKnownFileType = sourcecode.swift; path = AddEventView.swift; sourceTree = "<group>"; };
		8AE8BC0F2C56E58800E96AA1 /* MyDatePicker.swift */ = {isa = PBXFileReference; lastKnownFileType = sourcecode.swift; path = MyDatePicker.swift; sourceTree = "<group>"; };
		8AE8BC112C56EA7C00E96AA1 /* DateValue.swift */ = {isa = PBXFileReference; lastKnownFileType = sourcecode.swift; path = DateValue.swift; sourceTree = "<group>"; };
		8AE8BC132C5745F100E96AA1 /* Events.swift */ = {isa = PBXFileReference; lastKnownFileType = sourcecode.swift; path = Events.swift; sourceTree = "<group>"; };
		8AE8BC172C580F7000E96AA1 /* MonthViewModel.swift */ = {isa = PBXFileReference; lastKnownFileType = sourcecode.swift; path = MonthViewModel.swift; sourceTree = "<group>"; };
		8AE8BC192C58265200E96AA1 /* ToDoListView.swift */ = {isa = PBXFileReference; lastKnownFileType = sourcecode.swift; path = ToDoListView.swift; sourceTree = "<group>"; };
		8AE8BC1D2C593CD200E96AA1 /* ScheduleView.swift */ = {isa = PBXFileReference; lastKnownFileType = sourcecode.swift; path = ScheduleView.swift; sourceTree = "<group>"; };
		8AE8BC1F2C59760300E96AA1 /* AddToDoView.swift */ = {isa = PBXFileReference; lastKnownFileType = sourcecode.swift; path = AddToDoView.swift; sourceTree = "<group>"; };
		8AE8BC212C59762000E96AA1 /* AddingItemView.swift */ = {isa = PBXFileReference; lastKnownFileType = sourcecode.swift; path = AddingItemView.swift; sourceTree = "<group>"; };
		8AE8BC232C59776E00E96AA1 /* ToDoItem.swift */ = {isa = PBXFileReference; lastKnownFileType = sourcecode.swift; path = ToDoItem.swift; sourceTree = "<group>"; };
		8AE8BC272C5C182400E96AA1 /* EventStore.swift */ = {isa = PBXFileReference; lastKnownFileType = sourcecode.swift; path = EventStore.swift; sourceTree = "<group>"; };
		8AE8BC292C5C499A00E96AA1 /* ItemStore.swift */ = {isa = PBXFileReference; lastKnownFileType = sourcecode.swift; path = ItemStore.swift; sourceTree = "<group>"; };
		8AE8BC532C5D931B00E96AA1 /* ItemDetailView.swift */ = {isa = PBXFileReference; lastKnownFileType = sourcecode.swift; path = ItemDetailView.swift; sourceTree = "<group>"; };
		8AE8BC552C5D954100E96AA1 /* DetailItemEditView.swift */ = {isa = PBXFileReference; lastKnownFileType = sourcecode.swift; path = DetailItemEditView.swift; sourceTree = "<group>"; };
		8AE8BC572C5DD30500E96AA1 /* EventDetailView.swift */ = {isa = PBXFileReference; lastKnownFileType = sourcecode.swift; path = EventDetailView.swift; sourceTree = "<group>"; };
		8AE8BC592C5DD3A200E96AA1 /* DetailEventEditView.swift */ = {isa = PBXFileReference; lastKnownFileType = sourcecode.swift; path = DetailEventEditView.swift; sourceTree = "<group>"; };
		8AE8BC962C5ED54100E96AA1 /* calendar_mac.app */ = {isa = PBXFileReference; explicitFileType = wrapper.application; includeInIndex = 0; path = calendar_mac.app; sourceTree = BUILT_PRODUCTS_DIR; };
		8AE8BCA62C5ED54500E96AA1 /* calendar_macTests.xctest */ = {isa = PBXFileReference; explicitFileType = wrapper.cfbundle; includeInIndex = 0; path = calendar_macTests.xctest; sourceTree = BUILT_PRODUCTS_DIR; };
		8AE8BCB02C5ED54500E96AA1 /* calendar_macUITests.xctest */ = {isa = PBXFileReference; explicitFileType = wrapper.cfbundle; includeInIndex = 0; path = calendar_macUITests.xctest; sourceTree = BUILT_PRODUCTS_DIR; };
/* End PBXFileReference section */

/* Begin PBXFrameworksBuildPhase section */
		8AE8BBD42C56C65D00E96AA1 /* Frameworks */ = {
			isa = PBXFrameworksBuildPhase;
			buildActionMask = 2147483647;
			files = (
			);
			runOnlyForDeploymentPostprocessing = 0;
		};
		8AE8BBE42C56C65E00E96AA1 /* Frameworks */ = {
			isa = PBXFrameworksBuildPhase;
			buildActionMask = 2147483647;
			files = (
			);
			runOnlyForDeploymentPostprocessing = 0;
		};
		8AE8BBEE2C56C65E00E96AA1 /* Frameworks */ = {
			isa = PBXFrameworksBuildPhase;
			buildActionMask = 2147483647;
			files = (
			);
			runOnlyForDeploymentPostprocessing = 0;
		};
		8AE8BC932C5ED54100E96AA1 /* Frameworks */ = {
			isa = PBXFrameworksBuildPhase;
			buildActionMask = 2147483647;
			files = (
			);
			runOnlyForDeploymentPostprocessing = 0;
		};
		8AE8BCA32C5ED54500E96AA1 /* Frameworks */ = {
			isa = PBXFrameworksBuildPhase;
			buildActionMask = 2147483647;
			files = (
			);
			runOnlyForDeploymentPostprocessing = 0;
		};
		8AE8BCAD2C5ED54500E96AA1 /* Frameworks */ = {
			isa = PBXFrameworksBuildPhase;
			buildActionMask = 2147483647;
			files = (
			);
			runOnlyForDeploymentPostprocessing = 0;
		};
/* End PBXFrameworksBuildPhase section */

/* Begin PBXGroup section */
		8AE8BBCE2C56C65D00E96AA1 = {
			isa = PBXGroup;
			children = (
				8AE8BBD92C56C65D00E96AA1 /* calendar */,
				8AE8BBEA2C56C65E00E96AA1 /* calendarTests */,
				8AE8BBF42C56C65E00E96AA1 /* calendarUITests */,
				8AE8BBD82C56C65D00E96AA1 /* Products */,
			);
			sourceTree = "<group>";
		};
		8AE8BBD82C56C65D00E96AA1 /* Products */ = {
			isa = PBXGroup;
			children = (
				8AE8BBD72C56C65D00E96AA1 /* calendar.app */,
				8AE8BBE72C56C65E00E96AA1 /* calendarTests.xctest */,
				8AE8BBF12C56C65E00E96AA1 /* calendarUITests.xctest */,
				8AE8BC962C5ED54100E96AA1 /* calendar_mac.app */,
				8AE8BCA62C5ED54500E96AA1 /* calendar_macTests.xctest */,
				8AE8BCB02C5ED54500E96AA1 /* calendar_macUITests.xctest */,
			);
			name = Products;
			sourceTree = "<group>";
		};
		8AE8BBD92C56C65D00E96AA1 /* calendar */ = {
			isa = PBXGroup;
			children = (
				8AE8BC0A2C56E21700E96AA1 /* ViewModels */,
				8AE8BC072C56D56700E96AA1 /* Views */,
				8AE8BC042C56D44700E96AA1 /* Models */,
				8AE8BBDA2C56C65D00E96AA1 /* calendarApp.swift */,
				8AE8BBDE2C56C65E00E96AA1 /* Assets.xcassets */,
				8AE8BBE02C56C65E00E96AA1 /* Preview Content */,
			);
			path = calendar;
			sourceTree = "<group>";
		};
		8AE8BBE02C56C65E00E96AA1 /* Preview Content */ = {
			isa = PBXGroup;
			children = (
				8AE8BBE12C56C65E00E96AA1 /* Preview Assets.xcassets */,
			);
			path = "Preview Content";
			sourceTree = "<group>";
		};
		8AE8BBEA2C56C65E00E96AA1 /* calendarTests */ = {
			isa = PBXGroup;
			children = (
				8AE8BBEB2C56C65E00E96AA1 /* calendarTests.swift */,
			);
			path = calendarTests;
			sourceTree = "<group>";
		};
		8AE8BBF42C56C65E00E96AA1 /* calendarUITests */ = {
			isa = PBXGroup;
			children = (
				8AE8BBF52C56C65E00E96AA1 /* calendarUITests.swift */,
				8AE8BBF72C56C65E00E96AA1 /* calendarUITestsLaunchTests.swift */,
			);
			path = calendarUITests;
			sourceTree = "<group>";
		};
		8AE8BC042C56D44700E96AA1 /* Models */ = {
			isa = PBXGroup;
			children = (
				8AE8BC052C56D45600E96AA1 /* Themes.swift */,
				8AE8BC112C56EA7C00E96AA1 /* DateValue.swift */,
				8AE8BC132C5745F100E96AA1 /* Events.swift */,
				8AE8BC232C59776E00E96AA1 /* ToDoItem.swift */,
				8AE8BC272C5C182400E96AA1 /* EventStore.swift */,
				8AE8BC292C5C499A00E96AA1 /* ItemStore.swift */,
			);
			path = Models;
			sourceTree = "<group>";
		};
		8AE8BC072C56D56700E96AA1 /* Views */ = {
			isa = PBXGroup;
			children = (
				8AE8BC212C59762000E96AA1 /* AddingItemView.swift */,
				8AE8BC0B2C56E22800E96AA1 /* AddingEventView.swift */,
				8AE8BC552C5D954100E96AA1 /* DetailItemEditView.swift */,
				8AE8BC082C56D5D500E96AA1 /* MonthView.swift */,
				8AE8BC0D2C56E45000E96AA1 /* AddEventView.swift */,
				8AE8BC592C5DD3A200E96AA1 /* DetailEventEditView.swift */,
				8AE8BC0F2C56E58800E96AA1 /* MyDatePicker.swift */,
				8AE8BC192C58265200E96AA1 /* ToDoListView.swift */,
				8AE8BC1D2C593CD200E96AA1 /* ScheduleView.swift */,
				8AE8BC572C5DD30500E96AA1 /* EventDetailView.swift */,
				8AE8BC1F2C59760300E96AA1 /* AddToDoView.swift */,
				8AE8BC532C5D931B00E96AA1 /* ItemDetailView.swift */,
			);
			path = Views;
			sourceTree = "<group>";
		};
		8AE8BC0A2C56E21700E96AA1 /* ViewModels */ = {
			isa = PBXGroup;
			children = (
				8AE8BC172C580F7000E96AA1 /* MonthViewModel.swift */,
			);
			path = ViewModels;
			sourceTree = "<group>";
		};
/* End PBXGroup section */

/* Begin PBXNativeTarget section */
		8AE8BBD62C56C65D00E96AA1 /* calendar */ = {
			isa = PBXNativeTarget;
			buildConfigurationList = 8AE8BBFB2C56C65E00E96AA1 /* Build configuration list for PBXNativeTarget "calendar" */;
			buildPhases = (
				8AE8BBD32C56C65D00E96AA1 /* Sources */,
				8AE8BBD42C56C65D00E96AA1 /* Frameworks */,
				8AE8BBD52C56C65D00E96AA1 /* Resources */,
			);
			buildRules = (
			);
			dependencies = (
			);
			name = calendar;
			productName = calendar;
			productReference = 8AE8BBD72C56C65D00E96AA1 /* calendar.app */;
			productType = "com.apple.product-type.application";
		};
		8AE8BBE62C56C65E00E96AA1 /* calendarTests */ = {
			isa = PBXNativeTarget;
			buildConfigurationList = 8AE8BBFE2C56C65E00E96AA1 /* Build configuration list for PBXNativeTarget "calendarTests" */;
			buildPhases = (
				8AE8BBE32C56C65E00E96AA1 /* Sources */,
				8AE8BBE42C56C65E00E96AA1 /* Frameworks */,
				8AE8BBE52C56C65E00E96AA1 /* Resources */,
			);
			buildRules = (
			);
			dependencies = (
				8AE8BBE92C56C65E00E96AA1 /* PBXTargetDependency */,
			);
			name = calendarTests;
			productName = calendarTests;
			productReference = 8AE8BBE72C56C65E00E96AA1 /* calendarTests.xctest */;
			productType = "com.apple.product-type.bundle.unit-test";
		};
		8AE8BBF02C56C65E00E96AA1 /* calendarUITests */ = {
			isa = PBXNativeTarget;
			buildConfigurationList = 8AE8BC012C56C65E00E96AA1 /* Build configuration list for PBXNativeTarget "calendarUITests" */;
			buildPhases = (
				8AE8BBED2C56C65E00E96AA1 /* Sources */,
				8AE8BBEE2C56C65E00E96AA1 /* Frameworks */,
				8AE8BBEF2C56C65E00E96AA1 /* Resources */,
			);
			buildRules = (
			);
			dependencies = (
				8AE8BBF32C56C65E00E96AA1 /* PBXTargetDependency */,
			);
			name = calendarUITests;
			productName = calendarUITests;
			productReference = 8AE8BBF12C56C65E00E96AA1 /* calendarUITests.xctest */;
			productType = "com.apple.product-type.bundle.ui-testing";
		};
		8AE8BC952C5ED54100E96AA1 /* calendar_mac */ = {
			isa = PBXNativeTarget;
			buildConfigurationList = 8AE8BCB82C5ED54500E96AA1 /* Build configuration list for PBXNativeTarget "calendar_mac" */;
			buildPhases = (
				8AE8BC922C5ED54100E96AA1 /* Sources */,
				8AE8BC932C5ED54100E96AA1 /* Frameworks */,
				8AE8BC942C5ED54100E96AA1 /* Resources */,
			);
			buildRules = (
			);
			dependencies = (
			);
			name = calendar_mac;
			productName = calendar_mac;
			productReference = 8AE8BC962C5ED54100E96AA1 /* calendar_mac.app */;
			productType = "com.apple.product-type.application";
		};
		8AE8BCA52C5ED54500E96AA1 /* calendar_macTests */ = {
			isa = PBXNativeTarget;
			buildConfigurationList = 8AE8BCBB2C5ED54500E96AA1 /* Build configuration list for PBXNativeTarget "calendar_macTests" */;
			buildPhases = (
				8AE8BCA22C5ED54500E96AA1 /* Sources */,
				8AE8BCA32C5ED54500E96AA1 /* Frameworks */,
				8AE8BCA42C5ED54500E96AA1 /* Resources */,
			);
			buildRules = (
			);
			dependencies = (
				8AE8BCA82C5ED54500E96AA1 /* PBXTargetDependency */,
			);
			name = calendar_macTests;
			productName = calendar_macTests;
			productReference = 8AE8BCA62C5ED54500E96AA1 /* calendar_macTests.xctest */;
			productType = "com.apple.product-type.bundle.unit-test";
		};
		8AE8BCAF2C5ED54500E96AA1 /* calendar_macUITests */ = {
			isa = PBXNativeTarget;
			buildConfigurationList = 8AE8BCBE2C5ED54500E96AA1 /* Build configuration list for PBXNativeTarget "calendar_macUITests" */;
			buildPhases = (
				8AE8BCAC2C5ED54500E96AA1 /* Sources */,
				8AE8BCAD2C5ED54500E96AA1 /* Frameworks */,
				8AE8BCAE2C5ED54500E96AA1 /* Resources */,
			);
			buildRules = (
			);
			dependencies = (
				8AE8BCB22C5ED54500E96AA1 /* PBXTargetDependency */,
			);
			name = calendar_macUITests;
			productName = calendar_macUITests;
			productReference = 8AE8BCB02C5ED54500E96AA1 /* calendar_macUITests.xctest */;
			productType = "com.apple.product-type.bundle.ui-testing";
		};
/* End PBXNativeTarget section */

/* Begin PBXProject section */
		8AE8BBCF2C56C65D00E96AA1 /* Project object */ = {
			isa = PBXProject;
			attributes = {
				BuildIndependentTargetsInParallel = 1;
				LastSwiftUpdateCheck = 1540;
				LastUpgradeCheck = 1540;
				TargetAttributes = {
					8AE8BBD62C56C65D00E96AA1 = {
						CreatedOnToolsVersion = 15.4;
					};
					8AE8BBE62C56C65E00E96AA1 = {
						CreatedOnToolsVersion = 15.4;
						TestTargetID = 8AE8BBD62C56C65D00E96AA1;
					};
					8AE8BBF02C56C65E00E96AA1 = {
						CreatedOnToolsVersion = 15.4;
						TestTargetID = 8AE8BBD62C56C65D00E96AA1;
					};
					8AE8BC952C5ED54100E96AA1 = {
						CreatedOnToolsVersion = 15.4;
					};
					8AE8BCA52C5ED54500E96AA1 = {
						CreatedOnToolsVersion = 15.4;
						TestTargetID = 8AE8BC952C5ED54100E96AA1;
					};
					8AE8BCAF2C5ED54500E96AA1 = {
						CreatedOnToolsVersion = 15.4;
						TestTargetID = 8AE8BC952C5ED54100E96AA1;
					};
				};
			};
			buildConfigurationList = 8AE8BBD22C56C65D00E96AA1 /* Build configuration list for PBXProject "calendar" */;
			compatibilityVersion = "Xcode 14.0";
			developmentRegion = en;
			hasScannedForEncodings = 0;
			knownRegions = (
				en,
				Base,
			);
			mainGroup = 8AE8BBCE2C56C65D00E96AA1;
			productRefGroup = 8AE8BBD82C56C65D00E96AA1 /* Products */;
			projectDirPath = "";
			projectRoot = "";
			targets = (
				8AE8BBD62C56C65D00E96AA1 /* calendar */,
				8AE8BBE62C56C65E00E96AA1 /* calendarTests */,
				8AE8BBF02C56C65E00E96AA1 /* calendarUITests */,
				8AE8BC952C5ED54100E96AA1 /* calendar_mac */,
				8AE8BCA52C5ED54500E96AA1 /* calendar_macTests */,
				8AE8BCAF2C5ED54500E96AA1 /* calendar_macUITests */,
			);
		};
/* End PBXProject section */

/* Begin PBXResourcesBuildPhase section */
		8AE8BBD52C56C65D00E96AA1 /* Resources */ = {
			isa = PBXResourcesBuildPhase;
			buildActionMask = 2147483647;
			files = (
				8AE8BBE22C56C65E00E96AA1 /* Preview Assets.xcassets in Resources */,
				8AE8BBDF2C56C65E00E96AA1 /* Assets.xcassets in Resources */,
			);
			runOnlyForDeploymentPostprocessing = 0;
		};
		8AE8BBE52C56C65E00E96AA1 /* Resources */ = {
			isa = PBXResourcesBuildPhase;
			buildActionMask = 2147483647;
			files = (
			);
			runOnlyForDeploymentPostprocessing = 0;
		};
		8AE8BBEF2C56C65E00E96AA1 /* Resources */ = {
			isa = PBXResourcesBuildPhase;
			buildActionMask = 2147483647;
			files = (
			);
			runOnlyForDeploymentPostprocessing = 0;
		};
		8AE8BC942C5ED54100E96AA1 /* Resources */ = {
			isa = PBXResourcesBuildPhase;
			buildActionMask = 2147483647;
			files = (
			);
			runOnlyForDeploymentPostprocessing = 0;
		};
		8AE8BCA42C5ED54500E96AA1 /* Resources */ = {
			isa = PBXResourcesBuildPhase;
			buildActionMask = 2147483647;
			files = (
			);
			runOnlyForDeploymentPostprocessing = 0;
		};
		8AE8BCAE2C5ED54500E96AA1 /* Resources */ = {
			isa = PBXResourcesBuildPhase;
			buildActionMask = 2147483647;
			files = (
			);
			runOnlyForDeploymentPostprocessing = 0;
		};
/* End PBXResourcesBuildPhase section */

/* Begin PBXSourcesBuildPhase section */
		8AE8BBD32C56C65D00E96AA1 /* Sources */ = {
			isa = PBXSourcesBuildPhase;
			buildActionMask = 2147483647;
			files = (
				8AE8BC0E2C56E45000E96AA1 /* AddEventView.swift in Sources */,
				8AE8BC102C56E58800E96AA1 /* MyDatePicker.swift in Sources */,
				8AE8BC562C5D954100E96AA1 /* DetailItemEditView.swift in Sources */,
				8AE8BC242C59776E00E96AA1 /* ToDoItem.swift in Sources */,
				8AE8BC202C59760300E96AA1 /* AddToDoView.swift in Sources */,
				8AE8BC062C56D45600E96AA1 /* Themes.swift in Sources */,
				8AE8BC0C2C56E22800E96AA1 /* AddingEventView.swift in Sources */,
				8AE8BC542C5D931B00E96AA1 /* ItemDetailView.swift in Sources */,
				8AE8BC2A2C5C499A00E96AA1 /* ItemStore.swift in Sources */,
				8AE8BC222C59762000E96AA1 /* AddingItemView.swift in Sources */,
				8AE8BC1E2C593CD200E96AA1 /* ScheduleView.swift in Sources */,
				8AE8BC582C5DD30500E96AA1 /* EventDetailView.swift in Sources */,
				8AE8BC282C5C182400E96AA1 /* EventStore.swift in Sources */,
				8AE8BC1A2C58265200E96AA1 /* ToDoListView.swift in Sources */,
				8AE8BC5A2C5DD3A300E96AA1 /* DetailEventEditView.swift in Sources */,
				8AE8BC182C580F7000E96AA1 /* MonthViewModel.swift in Sources */,
				8AE8BC142C5745F100E96AA1 /* Events.swift in Sources */,
				8AE8BBDB2C56C65D00E96AA1 /* calendarApp.swift in Sources */,
				8AE8BC122C56EA7C00E96AA1 /* DateValue.swift in Sources */,
				8AE8BC092C56D5D500E96AA1 /* MonthView.swift in Sources */,
			);
			runOnlyForDeploymentPostprocessing = 0;
		};
		8AE8BBE32C56C65E00E96AA1 /* Sources */ = {
			isa = PBXSourcesBuildPhase;
			buildActionMask = 2147483647;
			files = (
				8AE8BBEC2C56C65E00E96AA1 /* calendarTests.swift in Sources */,
			);
			runOnlyForDeploymentPostprocessing = 0;
		};
		8AE8BBED2C56C65E00E96AA1 /* Sources */ = {
			isa = PBXSourcesBuildPhase;
			buildActionMask = 2147483647;
			files = (
				8AE8BBF82C56C65E00E96AA1 /* calendarUITestsLaunchTests.swift in Sources */,
				8AE8BBF62C56C65E00E96AA1 /* calendarUITests.swift in Sources */,
			);
			runOnlyForDeploymentPostprocessing = 0;
		};
		8AE8BC922C5ED54100E96AA1 /* Sources */ = {
			isa = PBXSourcesBuildPhase;
			buildActionMask = 2147483647;
			files = (
			);
			runOnlyForDeploymentPostprocessing = 0;
		};
		8AE8BCA22C5ED54500E96AA1 /* Sources */ = {
			isa = PBXSourcesBuildPhase;
			buildActionMask = 2147483647;
			files = (
			);
			runOnlyForDeploymentPostprocessing = 0;
		};
		8AE8BCAC2C5ED54500E96AA1 /* Sources */ = {
			isa = PBXSourcesBuildPhase;
			buildActionMask = 2147483647;
			files = (
			);
			runOnlyForDeploymentPostprocessing = 0;
		};
/* End PBXSourcesBuildPhase section */

/* Begin PBXTargetDependency section */
		8AE8BBE92C56C65E00E96AA1 /* PBXTargetDependency */ = {
			isa = PBXTargetDependency;
			target = 8AE8BBD62C56C65D00E96AA1 /* calendar */;
			targetProxy = 8AE8BBE82C56C65E00E96AA1 /* PBXContainerItemProxy */;
		};
		8AE8BBF32C56C65E00E96AA1 /* PBXTargetDependency */ = {
			isa = PBXTargetDependency;
			target = 8AE8BBD62C56C65D00E96AA1 /* calendar */;
			targetProxy = 8AE8BBF22C56C65E00E96AA1 /* PBXContainerItemProxy */;
		};
		8AE8BCA82C5ED54500E96AA1 /* PBXTargetDependency */ = {
			isa = PBXTargetDependency;
			target = 8AE8BC952C5ED54100E96AA1 /* calendar_mac */;
			targetProxy = 8AE8BCA72C5ED54500E96AA1 /* PBXContainerItemProxy */;
		};
		8AE8BCB22C5ED54500E96AA1 /* PBXTargetDependency */ = {
			isa = PBXTargetDependency;
			target = 8AE8BC952C5ED54100E96AA1 /* calendar_mac */;
			targetProxy = 8AE8BCB12C5ED54500E96AA1 /* PBXContainerItemProxy */;
		};
/* End PBXTargetDependency section */

/* Begin XCBuildConfiguration section */
		8AE8BBF92C56C65E00E96AA1 /* Debug */ = {
			isa = XCBuildConfiguration;
			buildSettings = {
				ALWAYS_SEARCH_USER_PATHS = NO;
				ASSETCATALOG_COMPILER_GENERATE_SWIFT_ASSET_SYMBOL_EXTENSIONS = YES;
				CLANG_ANALYZER_NONNULL = YES;
				CLANG_ANALYZER_NUMBER_OBJECT_CONVERSION = YES_AGGRESSIVE;
				CLANG_CXX_LANGUAGE_STANDARD = "gnu++20";
				CLANG_ENABLE_MODULES = YES;
				CLANG_ENABLE_OBJC_ARC = YES;
				CLANG_ENABLE_OBJC_WEAK = YES;
				CLANG_WARN_BLOCK_CAPTURE_AUTORELEASING = YES;
				CLANG_WARN_BOOL_CONVERSION = YES;
				CLANG_WARN_COMMA = YES;
				CLANG_WARN_CONSTANT_CONVERSION = YES;
				CLANG_WARN_DEPRECATED_OBJC_IMPLEMENTATIONS = YES;
				CLANG_WARN_DIRECT_OBJC_ISA_USAGE = YES_ERROR;
				CLANG_WARN_DOCUMENTATION_COMMENTS = YES;
				CLANG_WARN_EMPTY_BODY = YES;
				CLANG_WARN_ENUM_CONVERSION = YES;
				CLANG_WARN_INFINITE_RECURSION = YES;
				CLANG_WARN_INT_CONVERSION = YES;
				CLANG_WARN_NON_LITERAL_NULL_CONVERSION = YES;
				CLANG_WARN_OBJC_IMPLICIT_RETAIN_SELF = YES;
				CLANG_WARN_OBJC_LITERAL_CONVERSION = YES;
				CLANG_WARN_OBJC_ROOT_CLASS = YES_ERROR;
				CLANG_WARN_QUOTED_INCLUDE_IN_FRAMEWORK_HEADER = YES;
				CLANG_WARN_RANGE_LOOP_ANALYSIS = YES;
				CLANG_WARN_STRICT_PROTOTYPES = YES;
				CLANG_WARN_SUSPICIOUS_MOVE = YES;
				CLANG_WARN_UNGUARDED_AVAILABILITY = YES_AGGRESSIVE;
				CLANG_WARN_UNREACHABLE_CODE = YES;
				CLANG_WARN__DUPLICATE_METHOD_MATCH = YES;
				COPY_PHASE_STRIP = NO;
				DEBUG_INFORMATION_FORMAT = dwarf;
				ENABLE_STRICT_OBJC_MSGSEND = YES;
				ENABLE_TESTABILITY = YES;
				ENABLE_USER_SCRIPT_SANDBOXING = YES;
				GCC_C_LANGUAGE_STANDARD = gnu17;
				GCC_DYNAMIC_NO_PIC = NO;
				GCC_NO_COMMON_BLOCKS = YES;
				GCC_OPTIMIZATION_LEVEL = 0;
				GCC_PREPROCESSOR_DEFINITIONS = (
					"DEBUG=1",
					"$(inherited)",
				);
				GCC_WARN_64_TO_32_BIT_CONVERSION = YES;
				GCC_WARN_ABOUT_RETURN_TYPE = YES_ERROR;
				GCC_WARN_UNDECLARED_SELECTOR = YES;
				GCC_WARN_UNINITIALIZED_AUTOS = YES_AGGRESSIVE;
				GCC_WARN_UNUSED_FUNCTION = YES;
				GCC_WARN_UNUSED_VARIABLE = YES;
				IPHONEOS_DEPLOYMENT_TARGET = 17.5;
				LOCALIZATION_PREFERS_STRING_CATALOGS = YES;
				MTL_ENABLE_DEBUG_INFO = INCLUDE_SOURCE;
				MTL_FAST_MATH = YES;
				ONLY_ACTIVE_ARCH = YES;
				SDKROOT = iphoneos;
				SWIFT_ACTIVE_COMPILATION_CONDITIONS = "DEBUG $(inherited)";
				SWIFT_OPTIMIZATION_LEVEL = "-Onone";
			};
			name = Debug;
		};
		8AE8BBFA2C56C65E00E96AA1 /* Release */ = {
			isa = XCBuildConfiguration;
			buildSettings = {
				ALWAYS_SEARCH_USER_PATHS = NO;
				ASSETCATALOG_COMPILER_GENERATE_SWIFT_ASSET_SYMBOL_EXTENSIONS = YES;
				CLANG_ANALYZER_NONNULL = YES;
				CLANG_ANALYZER_NUMBER_OBJECT_CONVERSION = YES_AGGRESSIVE;
				CLANG_CXX_LANGUAGE_STANDARD = "gnu++20";
				CLANG_ENABLE_MODULES = YES;
				CLANG_ENABLE_OBJC_ARC = YES;
				CLANG_ENABLE_OBJC_WEAK = YES;
				CLANG_WARN_BLOCK_CAPTURE_AUTORELEASING = YES;
				CLANG_WARN_BOOL_CONVERSION = YES;
				CLANG_WARN_COMMA = YES;
				CLANG_WARN_CONSTANT_CONVERSION = YES;
				CLANG_WARN_DEPRECATED_OBJC_IMPLEMENTATIONS = YES;
				CLANG_WARN_DIRECT_OBJC_ISA_USAGE = YES_ERROR;
				CLANG_WARN_DOCUMENTATION_COMMENTS = YES;
				CLANG_WARN_EMPTY_BODY = YES;
				CLANG_WARN_ENUM_CONVERSION = YES;
				CLANG_WARN_INFINITE_RECURSION = YES;
				CLANG_WARN_INT_CONVERSION = YES;
				CLANG_WARN_NON_LITERAL_NULL_CONVERSION = YES;
				CLANG_WARN_OBJC_IMPLICIT_RETAIN_SELF = YES;
				CLANG_WARN_OBJC_LITERAL_CONVERSION = YES;
				CLANG_WARN_OBJC_ROOT_CLASS = YES_ERROR;
				CLANG_WARN_QUOTED_INCLUDE_IN_FRAMEWORK_HEADER = YES;
				CLANG_WARN_RANGE_LOOP_ANALYSIS = YES;
				CLANG_WARN_STRICT_PROTOTYPES = YES;
				CLANG_WARN_SUSPICIOUS_MOVE = YES;
				CLANG_WARN_UNGUARDED_AVAILABILITY = YES_AGGRESSIVE;
				CLANG_WARN_UNREACHABLE_CODE = YES;
				CLANG_WARN__DUPLICATE_METHOD_MATCH = YES;
				COPY_PHASE_STRIP = NO;
				DEBUG_INFORMATION_FORMAT = "dwarf-with-dsym";
				ENABLE_NS_ASSERTIONS = NO;
				ENABLE_STRICT_OBJC_MSGSEND = YES;
				ENABLE_USER_SCRIPT_SANDBOXING = YES;
				GCC_C_LANGUAGE_STANDARD = gnu17;
				GCC_NO_COMMON_BLOCKS = YES;
				GCC_WARN_64_TO_32_BIT_CONVERSION = YES;
				GCC_WARN_ABOUT_RETURN_TYPE = YES_ERROR;
				GCC_WARN_UNDECLARED_SELECTOR = YES;
				GCC_WARN_UNINITIALIZED_AUTOS = YES_AGGRESSIVE;
				GCC_WARN_UNUSED_FUNCTION = YES;
				GCC_WARN_UNUSED_VARIABLE = YES;
				IPHONEOS_DEPLOYMENT_TARGET = 17.5;
				LOCALIZATION_PREFERS_STRING_CATALOGS = YES;
				MTL_ENABLE_DEBUG_INFO = NO;
				MTL_FAST_MATH = YES;
				SDKROOT = iphoneos;
				SWIFT_COMPILATION_MODE = wholemodule;
				VALIDATE_PRODUCT = YES;
			};
			name = Release;
		};
		8AE8BBFC2C56C65E00E96AA1 /* Debug */ = {
			isa = XCBuildConfiguration;
			buildSettings = {
				ASSETCATALOG_COMPILER_APPICON_NAME = AppIcon;
				ASSETCATALOG_COMPILER_GLOBAL_ACCENT_COLOR_NAME = AccentColor;
				CODE_SIGN_STYLE = Automatic;
				CURRENT_PROJECT_VERSION = 1;
				DEVELOPMENT_ASSET_PATHS = "\"calendar/Preview Content\"";
				DEVELOPMENT_TEAM = DZ39L3H74Q;
				ENABLE_PREVIEWS = YES;
				GENERATE_INFOPLIST_FILE = YES;
				INFOPLIST_KEY_UIApplicationSceneManifest_Generation = YES;
				INFOPLIST_KEY_UIApplicationSupportsIndirectInputEvents = YES;
				INFOPLIST_KEY_UILaunchScreen_Generation = YES;
				INFOPLIST_KEY_UISupportedInterfaceOrientations_iPad = "UIInterfaceOrientationPortrait UIInterfaceOrientationPortraitUpsideDown UIInterfaceOrientationLandscapeLeft UIInterfaceOrientationLandscapeRight";
				INFOPLIST_KEY_UISupportedInterfaceOrientations_iPhone = "UIInterfaceOrientationPortrait UIInterfaceOrientationLandscapeLeft UIInterfaceOrientationLandscapeRight";
				LD_RUNPATH_SEARCH_PATHS = (
					"$(inherited)",
					"@executable_path/Frameworks",
				);
				MARKETING_VERSION = 1.0;
				PRODUCT_BUNDLE_IDENTIFIER = "greta-zu.calendar";
				PRODUCT_NAME = "$(TARGET_NAME)";
				SWIFT_EMIT_LOC_STRINGS = YES;
				SWIFT_VERSION = 5.0;
				TARGETED_DEVICE_FAMILY = "1,2";
			};
			name = Debug;
		};
		8AE8BBFD2C56C65E00E96AA1 /* Release */ = {
			isa = XCBuildConfiguration;
			buildSettings = {
				ASSETCATALOG_COMPILER_APPICON_NAME = AppIcon;
				ASSETCATALOG_COMPILER_GLOBAL_ACCENT_COLOR_NAME = AccentColor;
				CODE_SIGN_STYLE = Automatic;
				CURRENT_PROJECT_VERSION = 1;
				DEVELOPMENT_ASSET_PATHS = "\"calendar/Preview Content\"";
				DEVELOPMENT_TEAM = DZ39L3H74Q;
				ENABLE_PREVIEWS = YES;
				GENERATE_INFOPLIST_FILE = YES;
				INFOPLIST_KEY_UIApplicationSceneManifest_Generation = YES;
				INFOPLIST_KEY_UIApplicationSupportsIndirectInputEvents = YES;
				INFOPLIST_KEY_UILaunchScreen_Generation = YES;
				INFOPLIST_KEY_UISupportedInterfaceOrientations_iPad = "UIInterfaceOrientationPortrait UIInterfaceOrientationPortraitUpsideDown UIInterfaceOrientationLandscapeLeft UIInterfaceOrientationLandscapeRight";
				INFOPLIST_KEY_UISupportedInterfaceOrientations_iPhone = "UIInterfaceOrientationPortrait UIInterfaceOrientationLandscapeLeft UIInterfaceOrientationLandscapeRight";
				LD_RUNPATH_SEARCH_PATHS = (
					"$(inherited)",
					"@executable_path/Frameworks",
				);
				MARKETING_VERSION = 1.0;
				PRODUCT_BUNDLE_IDENTIFIER = "greta-zu.calendar";
				PRODUCT_NAME = "$(TARGET_NAME)";
				SWIFT_EMIT_LOC_STRINGS = YES;
				SWIFT_VERSION = 5.0;
				TARGETED_DEVICE_FAMILY = "1,2";
			};
			name = Release;
		};
		8AE8BBFF2C56C65E00E96AA1 /* Debug */ = {
			isa = XCBuildConfiguration;
			buildSettings = {
				ALWAYS_EMBED_SWIFT_STANDARD_LIBRARIES = YES;
				BUNDLE_LOADER = "$(TEST_HOST)";
				CODE_SIGN_STYLE = Automatic;
				CURRENT_PROJECT_VERSION = 1;
				DEVELOPMENT_TEAM = DZ39L3H74Q;
				GENERATE_INFOPLIST_FILE = YES;
				IPHONEOS_DEPLOYMENT_TARGET = 17.5;
				MARKETING_VERSION = 1.0;
				PRODUCT_BUNDLE_IDENTIFIER = "greta-zu.calendarTests";
				PRODUCT_NAME = "$(TARGET_NAME)";
				SWIFT_EMIT_LOC_STRINGS = NO;
				SWIFT_VERSION = 5.0;
				TARGETED_DEVICE_FAMILY = "1,2";
				TEST_HOST = "$(BUILT_PRODUCTS_DIR)/calendar.app/$(BUNDLE_EXECUTABLE_FOLDER_PATH)/calendar";
			};
			name = Debug;
		};
		8AE8BC002C56C65E00E96AA1 /* Release */ = {
			isa = XCBuildConfiguration;
			buildSettings = {
				ALWAYS_EMBED_SWIFT_STANDARD_LIBRARIES = YES;
				BUNDLE_LOADER = "$(TEST_HOST)";
				CODE_SIGN_STYLE = Automatic;
				CURRENT_PROJECT_VERSION = 1;
				DEVELOPMENT_TEAM = DZ39L3H74Q;
				GENERATE_INFOPLIST_FILE = YES;
				IPHONEOS_DEPLOYMENT_TARGET = 17.5;
				MARKETING_VERSION = 1.0;
				PRODUCT_BUNDLE_IDENTIFIER = "greta-zu.calendarTests";
				PRODUCT_NAME = "$(TARGET_NAME)";
				SWIFT_EMIT_LOC_STRINGS = NO;
				SWIFT_VERSION = 5.0;
				TARGETED_DEVICE_FAMILY = "1,2";
				TEST_HOST = "$(BUILT_PRODUCTS_DIR)/calendar.app/$(BUNDLE_EXECUTABLE_FOLDER_PATH)/calendar";
			};
			name = Release;
		};
		8AE8BC022C56C65E00E96AA1 /* Debug */ = {
			isa = XCBuildConfiguration;
			buildSettings = {
				ALWAYS_EMBED_SWIFT_STANDARD_LIBRARIES = YES;
				CODE_SIGN_STYLE = Automatic;
				CURRENT_PROJECT_VERSION = 1;
				DEVELOPMENT_TEAM = DZ39L3H74Q;
				GENERATE_INFOPLIST_FILE = YES;
				MARKETING_VERSION = 1.0;
				PRODUCT_BUNDLE_IDENTIFIER = "greta-zu.calendarUITests";
				PRODUCT_NAME = "$(TARGET_NAME)";
				SWIFT_EMIT_LOC_STRINGS = NO;
				SWIFT_VERSION = 5.0;
				TARGETED_DEVICE_FAMILY = "1,2";
				TEST_TARGET_NAME = calendar;
			};
			name = Debug;
		};
		8AE8BC032C56C65E00E96AA1 /* Release */ = {
			isa = XCBuildConfiguration;
			buildSettings = {
				ALWAYS_EMBED_SWIFT_STANDARD_LIBRARIES = YES;
				CODE_SIGN_STYLE = Automatic;
				CURRENT_PROJECT_VERSION = 1;
				DEVELOPMENT_TEAM = DZ39L3H74Q;
				GENERATE_INFOPLIST_FILE = YES;
				MARKETING_VERSION = 1.0;
				PRODUCT_BUNDLE_IDENTIFIER = "greta-zu.calendarUITests";
				PRODUCT_NAME = "$(TARGET_NAME)";
				SWIFT_EMIT_LOC_STRINGS = NO;
				SWIFT_VERSION = 5.0;
				TARGETED_DEVICE_FAMILY = "1,2";
				TEST_TARGET_NAME = calendar;
			};
			name = Release;
		};
		8AE8BCB92C5ED54500E96AA1 /* Debug */ = {
			isa = XCBuildConfiguration;
			buildSettings = {
				ASSETCATALOG_COMPILER_APPICON_NAME = AppIcon;
				ASSETCATALOG_COMPILER_GLOBAL_ACCENT_COLOR_NAME = AccentColor;
				CODE_SIGN_ENTITLEMENTS = calendar_mac/calendar_mac.entitlements;
				CODE_SIGN_STYLE = Automatic;
				COMBINE_HIDPI_IMAGES = YES;
				CURRENT_PROJECT_VERSION = 1;
				DEVELOPMENT_ASSET_PATHS = "\"calendar_mac/Preview Content\"";
				DEVELOPMENT_TEAM = DZ39L3H74Q;
				ENABLE_HARDENED_RUNTIME = YES;
				ENABLE_PREVIEWS = YES;
				GENERATE_INFOPLIST_FILE = YES;
				INFOPLIST_KEY_NSHumanReadableCopyright = "";
				LD_RUNPATH_SEARCH_PATHS = (
					"$(inherited)",
					"@executable_path/../Frameworks",
				);
				MACOSX_DEPLOYMENT_TARGET = 14.5;
				MARKETING_VERSION = 1.0;
				PRODUCT_BUNDLE_IDENTIFIER = "greta-zu.calendar-mac";
				PRODUCT_NAME = "$(TARGET_NAME)";
				SDKROOT = macosx;
				SWIFT_EMIT_LOC_STRINGS = YES;
				SWIFT_VERSION = 5.0;
			};
			name = Debug;
		};
		8AE8BCBA2C5ED54500E96AA1 /* Release */ = {
			isa = XCBuildConfiguration;
			buildSettings = {
				ASSETCATALOG_COMPILER_APPICON_NAME = AppIcon;
				ASSETCATALOG_COMPILER_GLOBAL_ACCENT_COLOR_NAME = AccentColor;
				CODE_SIGN_ENTITLEMENTS = calendar_mac/calendar_mac.entitlements;
				CODE_SIGN_STYLE = Automatic;
				COMBINE_HIDPI_IMAGES = YES;
				CURRENT_PROJECT_VERSION = 1;
				DEVELOPMENT_ASSET_PATHS = "\"calendar_mac/Preview Content\"";
				DEVELOPMENT_TEAM = DZ39L3H74Q;
				ENABLE_HARDENED_RUNTIME = YES;
				ENABLE_PREVIEWS = YES;
				GENERATE_INFOPLIST_FILE = YES;
				INFOPLIST_KEY_NSHumanReadableCopyright = "";
				LD_RUNPATH_SEARCH_PATHS = (
					"$(inherited)",
					"@executable_path/../Frameworks",
				);
				MACOSX_DEPLOYMENT_TARGET = 14.5;
				MARKETING_VERSION = 1.0;
				PRODUCT_BUNDLE_IDENTIFIER = "greta-zu.calendar-mac";
				PRODUCT_NAME = "$(TARGET_NAME)";
				SDKROOT = macosx;
				SWIFT_EMIT_LOC_STRINGS = YES;
				SWIFT_VERSION = 5.0;
			};
			name = Release;
		};
		8AE8BCBC2C5ED54500E96AA1 /* Debug */ = {
			isa = XCBuildConfiguration;
			buildSettings = {
				BUNDLE_LOADER = "$(TEST_HOST)";
				CODE_SIGN_STYLE = Automatic;
				CURRENT_PROJECT_VERSION = 1;
				DEVELOPMENT_TEAM = DZ39L3H74Q;
				GENERATE_INFOPLIST_FILE = YES;
				MACOSX_DEPLOYMENT_TARGET = 14.5;
				MARKETING_VERSION = 1.0;
				PRODUCT_BUNDLE_IDENTIFIER = "greta-zu.calendar-macTests";
				PRODUCT_NAME = "$(TARGET_NAME)";
				SDKROOT = macosx;
				SWIFT_EMIT_LOC_STRINGS = NO;
				SWIFT_VERSION = 5.0;
				TEST_HOST = "$(BUILT_PRODUCTS_DIR)/calendar_mac.app/$(BUNDLE_EXECUTABLE_FOLDER_PATH)/calendar_mac";
			};
			name = Debug;
		};
		8AE8BCBD2C5ED54500E96AA1 /* Release */ = {
			isa = XCBuildConfiguration;
			buildSettings = {
				BUNDLE_LOADER = "$(TEST_HOST)";
				CODE_SIGN_STYLE = Automatic;
				CURRENT_PROJECT_VERSION = 1;
				DEVELOPMENT_TEAM = DZ39L3H74Q;
				GENERATE_INFOPLIST_FILE = YES;
				MACOSX_DEPLOYMENT_TARGET = 14.5;
				MARKETING_VERSION = 1.0;
				PRODUCT_BUNDLE_IDENTIFIER = "greta-zu.calendar-macTests";
				PRODUCT_NAME = "$(TARGET_NAME)";
				SDKROOT = macosx;
				SWIFT_EMIT_LOC_STRINGS = NO;
				SWIFT_VERSION = 5.0;
				TEST_HOST = "$(BUILT_PRODUCTS_DIR)/calendar_mac.app/$(BUNDLE_EXECUTABLE_FOLDER_PATH)/calendar_mac";
			};
			name = Release;
		};
		8AE8BCBF2C5ED54500E96AA1 /* Debug */ = {
			isa = XCBuildConfiguration;
			buildSettings = {
				CODE_SIGN_STYLE = Automatic;
				CURRENT_PROJECT_VERSION = 1;
				DEVELOPMENT_TEAM = DZ39L3H74Q;
				GENERATE_INFOPLIST_FILE = YES;
				MACOSX_DEPLOYMENT_TARGET = 14.5;
				MARKETING_VERSION = 1.0;
				PRODUCT_BUNDLE_IDENTIFIER = "greta-zu.calendar-macUITests";
				PRODUCT_NAME = "$(TARGET_NAME)";
				SDKROOT = macosx;
				SWIFT_EMIT_LOC_STRINGS = NO;
				SWIFT_VERSION = 5.0;
				TEST_TARGET_NAME = calendar_mac;
			};
			name = Debug;
		};
		8AE8BCC02C5ED54500E96AA1 /* Release */ = {
			isa = XCBuildConfiguration;
			buildSettings = {
				CODE_SIGN_STYLE = Automatic;
				CURRENT_PROJECT_VERSION = 1;
				DEVELOPMENT_TEAM = DZ39L3H74Q;
				GENERATE_INFOPLIST_FILE = YES;
				MACOSX_DEPLOYMENT_TARGET = 14.5;
				MARKETING_VERSION = 1.0;
				PRODUCT_BUNDLE_IDENTIFIER = "greta-zu.calendar-macUITests";
				PRODUCT_NAME = "$(TARGET_NAME)";
				SDKROOT = macosx;
				SWIFT_EMIT_LOC_STRINGS = NO;
				SWIFT_VERSION = 5.0;
				TEST_TARGET_NAME = calendar_mac;
			};
			name = Release;
		};
/* End XCBuildConfiguration section */

/* Begin XCConfigurationList section */
		8AE8BBD22C56C65D00E96AA1 /* Build configuration list for PBXProject "calendar" */ = {
			isa = XCConfigurationList;
			buildConfigurations = (
				8AE8BBF92C56C65E00E96AA1 /* Debug */,
				8AE8BBFA2C56C65E00E96AA1 /* Release */,
			);
			defaultConfigurationIsVisible = 0;
			defaultConfigurationName = Release;
		};
		8AE8BBFB2C56C65E00E96AA1 /* Build configuration list for PBXNativeTarget "calendar" */ = {
			isa = XCConfigurationList;
			buildConfigurations = (
				8AE8BBFC2C56C65E00E96AA1 /* Debug */,
				8AE8BBFD2C56C65E00E96AA1 /* Release */,
			);
			defaultConfigurationIsVisible = 0;
			defaultConfigurationName = Release;
		};
		8AE8BBFE2C56C65E00E96AA1 /* Build configuration list for PBXNativeTarget "calendarTests" */ = {
			isa = XCConfigurationList;
			buildConfigurations = (
				8AE8BBFF2C56C65E00E96AA1 /* Debug */,
				8AE8BC002C56C65E00E96AA1 /* Release */,
			);
			defaultConfigurationIsVisible = 0;
			defaultConfigurationName = Release;
		};
		8AE8BC012C56C65E00E96AA1 /* Build configuration list for PBXNativeTarget "calendarUITests" */ = {
			isa = XCConfigurationList;
			buildConfigurations = (
				8AE8BC022C56C65E00E96AA1 /* Debug */,
				8AE8BC032C56C65E00E96AA1 /* Release */,
			);
			defaultConfigurationIsVisible = 0;
			defaultConfigurationName = Release;
		};
		8AE8BCB82C5ED54500E96AA1 /* Build configuration list for PBXNativeTarget "calendar_mac" */ = {
			isa = XCConfigurationList;
			buildConfigurations = (
				8AE8BCB92C5ED54500E96AA1 /* Debug */,
				8AE8BCBA2C5ED54500E96AA1 /* Release */,
			);
			defaultConfigurationIsVisible = 0;
			defaultConfigurationName = Release;
		};
		8AE8BCBB2C5ED54500E96AA1 /* Build configuration list for PBXNativeTarget "calendar_macTests" */ = {
			isa = XCConfigurationList;
			buildConfigurations = (
				8AE8BCBC2C5ED54500E96AA1 /* Debug */,
				8AE8BCBD2C5ED54500E96AA1 /* Release */,
			);
			defaultConfigurationIsVisible = 0;
			defaultConfigurationName = Release;
		};
		8AE8BCBE2C5ED54500E96AA1 /* Build configuration list for PBXNativeTarget "calendar_macUITests" */ = {
			isa = XCConfigurationList;
			buildConfigurations = (
				8AE8BCBF2C5ED54500E96AA1 /* Debug */,
				8AE8BCC02C5ED54500E96AA1 /* Release */,
			);
			defaultConfigurationIsVisible = 0;
			defaultConfigurationName = Release;
		};
/* End XCConfigurationList section */
	};
	rootObject = 8AE8BBCF2C56C65D00E96AA1 /* Project object */;
}
